GEM
  remote: https://rubygems.org/
  specs:
    appium_lib (16.1.1)
      appium_lib_core (>= 9.2.1, < 12.0)
      nokogiri (~> 1.8, >= 1.8.1)
      tomlrb (>= 1.1, < 3.0)
    appium_lib_core (11.2.0)
      faye-websocket (>= 0.11, < 0.13)
      selenium-webdriver (~> 4.21)
    base64 (0.3.0)
    eventmachine (1.2.7)
    faye-websocket (0.12.0)
      eventmachine (>= 0.12.0)
      websocket-driver (>= 0.8.0)
    logger (1.7.0)
    nokogiri (1.19.0-x64-mingw-ucrt)
      racc (~> 1.4)
    power_assert (3.0.1)
    racc (1.8.1)
    rexml (3.4.4)
    rubyzip (3.2.2)
    selenium-webdriver (4.40.0)
      base64 (~> 0.2)
      logger (~> 1.4)
      rexml (~> 3.2, >= 3.2.5)
      rubyzip (>= 1.2.2, < 4.0)
      websocket (~> 1.0)
    test-unit (3.7.7)
      power_assert
    tomlrb (2.0.4)
    websocket (1.2.11)
    websocket-driver (0.8.0)
      base64
      websocket-extensions (>= 0.1.0)
    websocket-extensions (0.1.5)

PLATFORMS
  x64-mingw-ucrt

DEPENDENCIES
  appium_lib (~> 16.1)
  selenium-webdriver (~> 4.40)
  test-unit (~> 3.7)

CHECKSUMS
  appium_lib (16.1.1) sha256=d53402b41846c1e1431ed44ba49cb7c9ff8f56f2a51c433b57f167b68afe9cb7
  appium_lib_core (11.2.0) sha256=677040cceb7ff5e07276df55791106fee398101b69e82edf9e382a6609d18a70
  base64 (0.3.0) sha256=27337aeabad6ffae05c265c450490628ef3ebd4b67be58257393227588f5a97b
  eventmachine (1.2.7) sha256=994016e42aa041477ba9cff45cbe50de2047f25dd418eba003e84f0d16560972
  faye-websocket (0.12.0) sha256=ad9f7dfcd0306d0a13baeee450729657661129af15bb5f38716c242484ab42e1
  logger (1.7.0) sha256=196edec7cc44b66cfb40f9755ce11b392f21f7967696af15d274dde7edff0203
  nokogiri (1.19.0-x64-mingw-ucrt) sha256=05d7ed2d95731edc9bef2811522dc396df3e476ef0d9c76793a9fca81cab056b
  power_assert (3.0.1) sha256=8ce9876716cc74e863fcd4cdcdc52d792bd983598d1af3447083a3a9a4d34103
  racc (1.8.1) sha256=4a7f6929691dbec8b5209a0b373bc2614882b55fc5d2e447a21aaa691303d62f
  rexml (3.4.4) sha256=19e0a2c3425dfbf2d4fc1189747bdb2f849b6c5e74180401b15734bc97b5d142
  rubyzip (3.2.2) sha256=c0ed99385f0625415c8f05bcae33fe649ed2952894a95ff8b08f26ca57ea5b3c
  selenium-webdriver (4.40.0) sha256=16ef7aa9853c1d4b9d52eac45aafa916e3934c5c83cb4facb03f250adfd15e5b
  test-unit (3.7.7) sha256=3c89d5ff0690a16bef9946156c4624390402b9d54dfcf4ce9cbd5b06bead1e45
  tomlrb (2.0.4) sha256=262f77947ac3ac9b3366a0a5940ecd238300c553e2e14f22009e2afcd2181b99
  websocket (1.2.11) sha256=b7e7a74e2410b5e85c25858b26b3322f29161e300935f70a0e0d3c35e0462737
  websocket-driver (0.8.0) sha256=ed0dba4b943c22f17f9a734817e808bc84cdce6a7e22045f5315aa57676d4962
  websocket-extensions (0.1.5) sha256=1c6ba63092cda343eb53fc657110c71c754c56484aad42578495227d717a8241

BUNDLED WITH
  4.0.5
