GEM
  remote: https://rubygems.org/
  specs:
    base64 (0.2.0)
    diff-lcs (1.6.2)
    dotenv (2.8.1)
    rexml (3.4.1)
    rspec (3.13.0)
      rspec-core (~> 3.13.0)
      rspec-expectations (~> 3.13.0)
      rspec-mocks (~> 3.13.0)
    rspec-core (3.13.3)
      rspec-support (~> 3.13.0)
    rspec-expectations (3.13.4)
      diff-lcs (>= 1.2.0, < 2.0)
      rspec-support (~> 3.13.0)
    rspec-mocks (3.13.4)
      diff-lcs (>= 1.2.0, < 2.0)
      rspec-support (~> 3.13.0)
    rspec-support (3.13.3)
    rubyzip (2.4.1)
    selenium-webdriver (4.8.6)
      rexml (~> 3.2, >= 3.2.5)
      rubyzip (>= 1.2.2, < 3.0)
      websocket (~> 1.0)
    websocket (1.2.11)

PLATFORMS
  arm64-darwin-24
  ruby

DEPENDENCIES
  base64
  dotenv (~> 2.8)
  rspec (~> 3.12)
  selenium-webdriver (~> 4.8.0)

BUNDLED WITH
   2.6.9
